
Microsoft Visual Studio Solution File, Format Version 12.00
# Visual Studio Version 17
VisualStudioVersion = 17.9.34728.123
MinimumVisualStudioVersion = 10.0.40219.1
Project("{FAE04EC0-301F-11D3-BF4B-00C04F79EFBC}") = "01_Task", "01_Task\01_Task.csproj", "{DDC5279F-B751-4DA1-AB70-0F1AD38FD700}"
EndProject
Project("{FAE04EC0-301F-11D3-BF4B-00C04F79EFBC}") = "02_Task", "02_Task\02_Task.csproj", "{6E4C949E-A545-4707-92E8-6EFE28B1125E}"
EndProject
Project("{FAE04EC0-301F-11D3-BF4B-00C04F79EFBC}") = "03_Task", "03_Task\03_Task.csproj", "{2E2C575E-4EDC-4E31-80D8-54A7FDC7DB89}"
EndProject
Project("{FAE04EC0-301F-11D3-BF4B-00C04F79EFBC}") = "04_Task", "04_Task\04_Task.csproj", "{4F609DAC-4954-4F8D-B272-66AE06290C6D}"
EndProject
Project("{FAE04EC0-301F-11D3-BF4B-00C04F79EFBC}") = "05_Task", "05_Task\05_Task.csproj", "{3B2B6FA9-A24B-45F4-B046-5226ABADD838}"
EndProject
Project("{FAE04EC0-301F-11D3-BF4B-00C04F79EFBC}") = "06_Task", "06_Task\06_Task.csproj", "{700F1633-732F-40F5-B774-A5EC64A0A72E}"
EndProject
Project("{FAE04EC0-301F-11D3-BF4B-00C04F79EFBC}") = "07_Task", "07_Task\07_Task.csproj", "{2B7F05E9-842E-4F0D-B718-F84C032BBC3C}"
EndProject
Project("{FAE04EC0-301F-11D3-BF4B-00C04F79EFBC}") = "08_Task", "08_Task\08_Task.csproj", "{35379857-DC4A-4A37-9CCC-D10F1788D4BA}"
EndProject
Project("{FAE04EC0-301F-11D3-BF4B-00C04F79EFBC}") = "09_Task", "09_Task\09_Task.csproj", "{1FF9FEFE-4E50-4C00-9233-17943187F269}"
EndProject
Project("{FAE04EC0-301F-11D3-BF4B-00C04F79EFBC}") = "10_Task", "10_Task\10_Task.csproj", "{976FF854-9218-479F-A5FC-7C112A9F8D56}"
EndProject
Project("{FAE04EC0-301F-11D3-BF4B-00C04F79EFBC}") = "11_Task", "11_Task\11_Task.csproj", "{9E85D9CA-2FCA-450E-861D-33C3704BFDA2}"
EndProject
Project("{FAE04EC0-301F-11D3-BF4B-00C04F79EFBC}") = "12_Task", "12_Task\12_Task.csproj", "{0B3AD846-3A70-401B-9720-FBD94B79B163}"
EndProject
Project("{FAE04EC0-301F-11D3-BF4B-00C04F79EFBC}") = "13_Task", "13_Task\13_Task.csproj", "{10A84463-C099-4E0D-8AF5-DE5454154923}"
EndProject
Project("{FAE04EC0-301F-11D3-BF4B-00C04F79EFBC}") = "14_Task", "14_Task\14_Task.csproj", "{F070BE8E-929A-409A-90E2-6974D95ABD5F}"
EndProject
Project("{FAE04EC0-301F-11D3-BF4B-00C04F79EFBC}") = "15_Task", "15_Task\15_Task.csproj", "{7C0B8237-26CA-47A4-B8C0-7203B2D8E82C}"
EndProject
Project("{FAE04EC0-301F-11D3-BF4B-00C04F79EFBC}") = "16_Task", "16_Task\16_Task.csproj", "{41C3432C-B573-4965-BC10-01FD1C5814EC}"
EndProject
Project("{FAE04EC0-301F-11D3-BF4B-00C04F79EFBC}") = "17_Task", "17_Task\17_Task.csproj", "{DFD9E8A2-50AB-420B-B6C2-7A0E40EE5842}"
EndProject
Project("{FAE04EC0-301F-11D3-BF4B-00C04F79EFBC}") = "18_Task", "18_Task\18_Task.csproj", "{FC7C6F07-4621-4019-B689-C451BFE1D888}"
EndProject
Project("{FAE04EC0-301F-11D3-BF4B-00C04F79EFBC}") = "19_Task", "19_Task\19_Task.csproj", "{2149BA55-A3A9-40F5-96BE-63BCB3175813}"
EndProject
Project("{FAE04EC0-301F-11D3-BF4B-00C04F79EFBC}") = "20_Task", "20_Task\20_Task.csproj", "{133DEAD2-59ED-44D3-87F0-2878A9F3789E}"
EndProject
Project("{FAE04EC0-301F-11D3-BF4B-00C04F79EFBC}") = "21_Task", "21_Task\21_Task.csproj", "{8D615D88-CF1F-4DD5-9EE9-B0781103E005}"
EndProject
Project("{FAE04EC0-301F-11D3-BF4B-00C04F79EFBC}") = "22_Task", "22_Task\22_Task.csproj", "{182A6A45-5FFB-4A8D-B65C-2592A2AF72F4}"
EndProject
Project("{FAE04EC0-301F-11D3-BF4B-00C04F79EFBC}") = "23_Task", "23_Task\23_Task.csproj", "{6A11F92F-58D5-4B56-A222-01DD36159AC5}"
EndProject
Project("{FAE04EC0-301F-11D3-BF4B-00C04F79EFBC}") = "24_Task", "24_Task\24_Task.csproj", "{562DBB4D-DA86-40DA-B555-624A1ADC245B}"
EndProject
Project("{FAE04EC0-301F-11D3-BF4B-00C04F79EFBC}") = "25_Task", "25_Task\25_Task.csproj", "{1EAB2BCC-1E1D-4C42-B8A0-1BDE5271A1C8}"
EndProject
Project("{FAE04EC0-301F-11D3-BF4B-00C04F79EFBC}") = "26_Task", "26_Task\26_Task.csproj", "{445A6FD1-6136-433E-8809-4B523996B41A}"
EndProject
Project("{FAE04EC0-301F-11D3-BF4B-00C04F79EFBC}") = "27_Task", "27_Task\27_Task.csproj", "{81EFB008-88A6-4AFB-AACD-98952B679CC2}"
EndProject
Project("{FAE04EC0-301F-11D3-BF4B-00C04F79EFBC}") = "28_Task", "28_Task\28_Task.csproj", "{1F1332D6-DC37-466A-9011-C970DE3DC754}"
EndProject
Project("{FAE04EC0-301F-11D3-BF4B-00C04F79EFBC}") = "29_Task", "29_Task\29_Task.csproj", "{07463B1C-2F20-4330-8CA4-E3B4608C8FA5}"
EndProject
Project("{FAE04EC0-301F-11D3-BF4B-00C04F79EFBC}") = "30_Task", "30_Task\30_Task.csproj", "{1EAB96D7-4A67-4A49-B4CF-2B99F2A74253}"
EndProject
Project("{FAE04EC0-301F-11D3-BF4B-00C04F79EFBC}") = "31_Task", "31_Task\31_Task.csproj", "{54A13D36-0600-4F7B-99E7-EE31499672A0}"
EndProject
Project("{FAE04EC0-301F-11D3-BF4B-00C04F79EFBC}") = "32_Task", "32_Task\32_Task.csproj", "{F4B8C3E7-5D2B-442B-86B8-0BC93853A38B}"
EndProject
Project("{FAE04EC0-301F-11D3-BF4B-00C04F79EFBC}") = "33_Task", "33_Task\33_Task.csproj", "{D73FF120-AE57-4A23-A3CC-7EB21E312257}"
EndProject
Project("{FAE04EC0-301F-11D3-BF4B-00C04F79EFBC}") = "34_Task", "34_Task\34_Task.csproj", "{5441D2E2-6CB7-4F34-B39C-68430034F0C3}"
EndProject
Project("{FAE04EC0-301F-11D3-BF4B-00C04F79EFBC}") = "35_Task", "35_Task\35_Task.csproj", "{E319AA26-5BEB-4C57-8F6B-CAA8DC7A5E10}"
EndProject
Project("{FAE04EC0-301F-11D3-BF4B-00C04F79EFBC}") = "36_Task", "36_Task\36_Task.csproj", "{3619AE99-4DB2-4134-97C3-6BC1725ABA44}"
EndProject
Project("{FAE04EC0-301F-11D3-BF4B-00C04F79EFBC}") = "37_Task", "37_Task\37_Task.csproj", "{13285506-A9F2-428C-9505-701186A03CAE}"
EndProject
Project("{FAE04EC0-301F-11D3-BF4B-00C04F79EFBC}") = "38_Task", "38_Task\38_Task.csproj", "{97C1B4FB-9F22-4F13-A26B-0904CE02F32D}"
EndProject
Project("{FAE04EC0-301F-11D3-BF4B-00C04F79EFBC}") = "39_Task", "39_Task\39_Task.csproj", "{00D2EC6B-19E6-40C0-9363-C797F1E26D9D}"
EndProject
Project("{FAE04EC0-301F-11D3-BF4B-00C04F79EFBC}") = "40_Task", "40_Task\40_Task.csproj", "{045B3F44-C842-4C8F-8382-E46829C863AE}"
EndProject
Project("{FAE04EC0-301F-11D3-BF4B-00C04F79EFBC}") = "41_Task", "41_Task\41_Task.csproj", "{2F30BEA2-CAFC-4D28-9308-60A51F65FDF5}"
EndProject
Project("{FAE04EC0-301F-11D3-BF4B-00C04F79EFBC}") = "42_Task", "42_Task\42_Task.csproj", "{EEC5C861-2F10-40A8-8557-38BA29ED23C5}"
EndProject
Project("{FAE04EC0-301F-11D3-BF4B-00C04F79EFBC}") = "43_Task", "43_Task\43_Task.csproj", "{8B069701-2685-4C9E-84E7-9AAE19183F71}"
EndProject
Project("{FAE04EC0-301F-11D3-BF4B-00C04F79EFBC}") = "44_Task", "44_Task\44_Task.csproj", "{4F1DE962-4644-4AFE-B08D-B6A76F549A5D}"
EndProject
Project("{FAE04EC0-301F-11D3-BF4B-00C04F79EFBC}") = "45_Task", "45_Task\45_Task.csproj", "{4AA87D45-F51D-4180-9CAC-89FF4D1F8454}"
EndProject
Project("{FAE04EC0-301F-11D3-BF4B-00C04F79EFBC}") = "46_Task", "46_Task\46_Task.csproj", "{87AE5CDB-CF1A-4106-9E03-E9725B499556}"
EndProject
Project("{FAE04EC0-301F-11D3-BF4B-00C04F79EFBC}") = "47_Task", "47_Task\47_Task.csproj", "{07237A25-8747-4255-8D45-394FA8811C9A}"
EndProject
Project("{FAE04EC0-301F-11D3-BF4B-00C04F79EFBC}") = "48_Task", "48_Task\48_Task.csproj", "{57BFFDDD-D277-4AB5-A70C-0D2FB1F96BA4}"
EndProject
Project("{FAE04EC0-301F-11D3-BF4B-00C04F79EFBC}") = "49_Task", "49_Task\49_Task.csproj", "{4EE59C57-14F3-4916-8FFF-91345C58F0BC}"
EndProject
Project("{FAE04EC0-301F-11D3-BF4B-00C04F79EFBC}") = "50_Task", "50_Task\50_Task.csproj", "{1A861A24-A4BF-4426-BA6B-5B8C1B125114}"
EndProject
Project("{FAE04EC0-301F-11D3-BF4B-00C04F79EFBC}") = "51_Task", "51_Task\51_Task.csproj", "{2847E22C-4EC7-4314-A77F-AECD710B0B81}"
EndProject
Project("{FAE04EC0-301F-11D3-BF4B-00C04F79EFBC}") = "52_Task", "52_Task\52_Task.csproj", "{8A792E41-FA14-4D8D-94AF-3FF3272D1F02}"
EndProject
Project("{FAE04EC0-301F-11D3-BF4B-00C04F79EFBC}") = "53_Task", "53_Task\53_Task.csproj", "{B3EE2544-8305-4A8A-90FA-14A8555B9FEE}"
EndProject
Project("{FAE04EC0-301F-11D3-BF4B-00C04F79EFBC}") = "54_Task", "54_Task\54_Task.csproj", "{78C39DBB-55A6-4B7B-8E52-8D83C9410057}"
EndProject
Project("{FAE04EC0-301F-11D3-BF4B-00C04F79EFBC}") = "55_Task", "55_Task\55_Task.csproj", "{08F16BE5-3FA4-4465-BB43-F3D7213F9F74}"
EndProject
Project("{FAE04EC0-301F-11D3-BF4B-00C04F79EFBC}") = "56_Task", "56_Task\56_Task.csproj", "{D71E3FE7-FCA6-4CE4-8D93-3F56EE867D05}"
EndProject
Project("{FAE04EC0-301F-11D3-BF4B-00C04F79EFBC}") = "57_Task", "57_Task\57_Task.csproj", "{C9E03F00-08B2-48AB-A827-91C3982B90A0}"
EndProject
Global
	GlobalSection(SolutionConfigurationPlatforms) = preSolution
		Debug|Any CPU = Debug|Any CPU
		Release|Any CPU = Release|Any CPU
	EndGlobalSection
	GlobalSection(ProjectConfigurationPlatforms) = postSolution
		{DDC5279F-B751-4DA1-AB70-0F1AD38FD700}.Debug|Any CPU.ActiveCfg = Debug|Any CPU
		{DDC5279F-B751-4DA1-AB70-0F1AD38FD700}.Debug|Any CPU.Build.0 = Debug|Any CPU
		{DDC5279F-B751-4DA1-AB70-0F1AD38FD700}.Release|Any CPU.ActiveCfg = Release|Any CPU
		{DDC5279F-B751-4DA1-AB70-0F1AD38FD700}.Release|Any CPU.Build.0 = Release|Any CPU
		{6E4C949E-A545-4707-92E8-6EFE28B1125E}.Debug|Any CPU.ActiveCfg = Debug|Any CPU
		{6E4C949E-A545-4707-92E8-6EFE28B1125E}.Debug|Any CPU.Build.0 = Debug|Any CPU
		{6E4C949E-A545-4707-92E8-6EFE28B1125E}.Release|Any CPU.ActiveCfg = Release|Any CPU
		{6E4C949E-A545-4707-92E8-6EFE28B1125E}.Release|Any CPU.Build.0 = Release|Any CPU
		{2E2C575E-4EDC-4E31-80D8-54A7FDC7DB89}.Debug|Any CPU.ActiveCfg = Debug|Any CPU
		{2E2C575E-4EDC-4E31-80D8-54A7FDC7DB89}.Debug|Any CPU.Build.0 = Debug|Any CPU
		{2E2C575E-4EDC-4E31-80D8-54A7FDC7DB89}.Release|Any CPU.ActiveCfg = Release|Any CPU
		{2E2C575E-4EDC-4E31-80D8-54A7FDC7DB89}.Release|Any CPU.Build.0 = Release|Any CPU
		{4F609DAC-4954-4F8D-B272-66AE06290C6D}.Debug|Any CPU.ActiveCfg = Debug|Any CPU
		{4F609DAC-4954-4F8D-B272-66AE06290C6D}.Debug|Any CPU.Build.0 = Debug|Any CPU
		{4F609DAC-4954-4F8D-B272-66AE06290C6D}.Release|Any CPU.ActiveCfg = Release|Any CPU
		{4F609DAC-4954-4F8D-B272-66AE06290C6D}.Release|Any CPU.Build.0 = Release|Any CPU
		{3B2B6FA9-A24B-45F4-B046-5226ABADD838}.Debug|Any CPU.ActiveCfg = Debug|Any CPU
		{3B2B6FA9-A24B-45F4-B046-5226ABADD838}.Debug|Any CPU.Build.0 = Debug|Any CPU
		{3B2B6FA9-A24B-45F4-B046-5226ABADD838}.Release|Any CPU.ActiveCfg = Release|Any CPU
		{3B2B6FA9-A24B-45F4-B046-5226ABADD838}.Release|Any CPU.Build.0 = Release|Any CPU
		{700F1633-732F-40F5-B774-A5EC64A0A72E}.Debug|Any CPU.ActiveCfg = Debug|Any CPU
		{700F1633-732F-40F5-B774-A5EC64A0A72E}.Debug|Any CPU.Build.0 = Debug|Any CPU
		{700F1633-732F-40F5-B774-A5EC64A0A72E}.Release|Any CPU.ActiveCfg = Release|Any CPU
		{700F1633-732F-40F5-B774-A5EC64A0A72E}.Release|Any CPU.Build.0 = Release|Any CPU
		{2B7F05E9-842E-4F0D-B718-F84C032BBC3C}.Debug|Any CPU.ActiveCfg = Debug|Any CPU
		{2B7F05E9-842E-4F0D-B718-F84C032BBC3C}.Debug|Any CPU.Build.0 = Debug|Any CPU
		{2B7F05E9-842E-4F0D-B718-F84C032BBC3C}.Release|Any CPU.ActiveCfg = Release|Any CPU
		{2B7F05E9-842E-4F0D-B718-F84C032BBC3C}.Release|Any CPU.Build.0 = Release|Any CPU
		{35379857-DC4A-4A37-9CCC-D10F1788D4BA}.Debug|Any CPU.ActiveCfg = Debug|Any CPU
		{35379857-DC4A-4A37-9CCC-D10F1788D4BA}.Debug|Any CPU.Build.0 = Debug|Any CPU
		{35379857-DC4A-4A37-9CCC-D10F1788D4BA}.Release|Any CPU.ActiveCfg = Release|Any CPU
		{35379857-DC4A-4A37-9CCC-D10F1788D4BA}.Release|Any CPU.Build.0 = Release|Any CPU
		{1FF9FEFE-4E50-4C00-9233-17943187F269}.Debug|Any CPU.ActiveCfg = Debug|Any CPU
		{1FF9FEFE-4E50-4C00-9233-17943187F269}.Debug|Any CPU.Build.0 = Debug|Any CPU
		{1FF9FEFE-4E50-4C00-9233-17943187F269}.Release|Any CPU.ActiveCfg = Release|Any CPU
		{1FF9FEFE-4E50-4C00-9233-17943187F269}.Release|Any CPU.Build.0 = Release|Any CPU
		{976FF854-9218-479F-A5FC-7C112A9F8D56}.Debug|Any CPU.ActiveCfg = Debug|Any CPU
		{976FF854-9218-479F-A5FC-7C112A9F8D56}.Debug|Any CPU.Build.0 = Debug|Any CPU
		{976FF854-9218-479F-A5FC-7C112A9F8D56}.Release|Any CPU.ActiveCfg = Release|Any CPU
		{976FF854-9218-479F-A5FC-7C112A9F8D56}.Release|Any CPU.Build.0 = Release|Any CPU
		{9E85D9CA-2FCA-450E-861D-33C3704BFDA2}.Debug|Any CPU.ActiveCfg = Debug|Any CPU
		{9E85D9CA-2FCA-450E-861D-33C3704BFDA2}.Debug|Any CPU.Build.0 = Debug|Any CPU
		{9E85D9CA-2FCA-450E-861D-33C3704BFDA2}.Release|Any CPU.ActiveCfg = Release|Any CPU
		{9E85D9CA-2FCA-450E-861D-33C3704BFDA2}.Release|Any CPU.Build.0 = Release|Any CPU
		{0B3AD846-3A70-401B-9720-FBD94B79B163}.Debug|Any CPU.ActiveCfg = Debug|Any CPU
		{0B3AD846-3A70-401B-9720-FBD94B79B163}.Debug|Any CPU.Build.0 = Debug|Any CPU
		{0B3AD846-3A70-401B-9720-FBD94B79B163}.Release|Any CPU.ActiveCfg = Release|Any CPU
		{0B3AD846-3A70-401B-9720-FBD94B79B163}.Release|Any CPU.Build.0 = Release|Any CPU
		{10A84463-C099-4E0D-8AF5-DE5454154923}.Debug|Any CPU.ActiveCfg = Debug|Any CPU
		{10A84463-C099-4E0D-8AF5-DE5454154923}.Debug|Any CPU.Build.0 = Debug|Any CPU
		{10A84463-C099-4E0D-8AF5-DE5454154923}.Release|Any CPU.ActiveCfg = Release|Any CPU
		{10A84463-C099-4E0D-8AF5-DE5454154923}.Release|Any CPU.Build.0 = Release|Any CPU
		{F070BE8E-929A-409A-90E2-6974D95ABD5F}.Debug|Any CPU.ActiveCfg = Debug|Any CPU
		{F070BE8E-929A-409A-90E2-6974D95ABD5F}.Debug|Any CPU.Build.0 = Debug|Any CPU
		{F070BE8E-929A-409A-90E2-6974D95ABD5F}.Release|Any CPU.ActiveCfg = Release|Any CPU
		{F070BE8E-929A-409A-90E2-6974D95ABD5F}.Release|Any CPU.Build.0 = Release|Any CPU
		{7C0B8237-26CA-47A4-B8C0-7203B2D8E82C}.Debug|Any CPU.ActiveCfg = Debug|Any CPU
		{7C0B8237-26CA-47A4-B8C0-7203B2D8E82C}.Debug|Any CPU.Build.0 = Debug|Any CPU
		{7C0B8237-26CA-47A4-B8C0-7203B2D8E82C}.Release|Any CPU.ActiveCfg = Release|Any CPU
		{7C0B8237-26CA-47A4-B8C0-7203B2D8E82C}.Release|Any CPU.Build.0 = Release|Any CPU
		{41C3432C-B573-4965-BC10-01FD1C5814EC}.Debug|Any CPU.ActiveCfg = Debug|Any CPU
		{41C3432C-B573-4965-BC10-01FD1C5814EC}.Debug|Any CPU.Build.0 = Debug|Any CPU
		{41C3432C-B573-4965-BC10-01FD1C5814EC}.Release|Any CPU.ActiveCfg = Release|Any CPU
		{41C3432C-B573-4965-BC10-01FD1C5814EC}.Release|Any CPU.Build.0 = Release|Any CPU
		{DFD9E8A2-50AB-420B-B6C2-7A0E40EE5842}.Debug|Any CPU.ActiveCfg = Debug|Any CPU
		{DFD9E8A2-50AB-420B-B6C2-7A0E40EE5842}.Debug|Any CPU.Build.0 = Debug|Any CPU
		{DFD9E8A2-50AB-420B-B6C2-7A0E40EE5842}.Release|Any CPU.ActiveCfg = Release|Any CPU
		{DFD9E8A2-50AB-420B-B6C2-7A0E40EE5842}.Release|Any CPU.Build.0 = Release|Any CPU
		{FC7C6F07-4621-4019-B689-C451BFE1D888}.Debug|Any CPU.ActiveCfg = Debug|Any CPU
		{FC7C6F07-4621-4019-B689-C451BFE1D888}.Debug|Any CPU.Build.0 = Debug|Any CPU
		{FC7C6F07-4621-4019-B689-C451BFE1D888}.Release|Any CPU.ActiveCfg = Release|Any CPU
		{FC7C6F07-4621-4019-B689-C451BFE1D888}.Release|Any CPU.Build.0 = Release|Any CPU
		{2149BA55-A3A9-40F5-96BE-63BCB3175813}.Debug|Any CPU.ActiveCfg = Debug|Any CPU
		{2149BA55-A3A9-40F5-96BE-63BCB3175813}.Debug|Any CPU.Build.0 = Debug|Any CPU
		{2149BA55-A3A9-40F5-96BE-63BCB3175813}.Release|Any CPU.ActiveCfg = Release|Any CPU
		{2149BA55-A3A9-40F5-96BE-63BCB3175813}.Release|Any CPU.Build.0 = Release|Any CPU
		{133DEAD2-59ED-44D3-87F0-2878A9F3789E}.Debug|Any CPU.ActiveCfg = Debug|Any CPU
		{133DEAD2-59ED-44D3-87F0-2878A9F3789E}.Debug|Any CPU.Build.0 = Debug|Any CPU
		{133DEAD2-59ED-44D3-87F0-2878A9F3789E}.Release|Any CPU.ActiveCfg = Release|Any CPU
		{133DEAD2-59ED-44D3-87F0-2878A9F3789E}.Release|Any CPU.Build.0 = Release|Any CPU
		{8D615D88-CF1F-4DD5-9EE9-B0781103E005}.Debug|Any CPU.ActiveCfg = Debug|Any CPU
		{8D615D88-CF1F-4DD5-9EE9-B0781103E005}.Debug|Any CPU.Build.0 = Debug|Any CPU
		{8D615D88-CF1F-4DD5-9EE9-B0781103E005}.Release|Any CPU.ActiveCfg = Release|Any CPU
		{8D615D88-CF1F-4DD5-9EE9-B0781103E005}.Release|Any CPU.Build.0 = Release|Any CPU
		{182A6A45-5FFB-4A8D-B65C-2592A2AF72F4}.Debug|Any CPU.ActiveCfg = Debug|Any CPU
		{182A6A45-5FFB-4A8D-B65C-2592A2AF72F4}.Debug|Any CPU.Build.0 = Debug|Any CPU
		{182A6A45-5FFB-4A8D-B65C-2592A2AF72F4}.Release|Any CPU.ActiveCfg = Release|Any CPU
		{182A6A45-5FFB-4A8D-B65C-2592A2AF72F4}.Release|Any CPU.Build.0 = Release|Any CPU
		{6A11F92F-58D5-4B56-A222-01DD36159AC5}.Debug|Any CPU.ActiveCfg = Debug|Any CPU
		{6A11F92F-58D5-4B56-A222-01DD36159AC5}.Debug|Any CPU.Build.0 = Debug|Any CPU
		{6A11F92F-58D5-4B56-A222-01DD36159AC5}.Release|Any CPU.ActiveCfg = Release|Any CPU
		{6A11F92F-58D5-4B56-A222-01DD36159AC5}.Release|Any CPU.Build.0 = Release|Any CPU
		{562DBB4D-DA86-40DA-B555-624A1ADC245B}.Debug|Any CPU.ActiveCfg = Debug|Any CPU
		{562DBB4D-DA86-40DA-B555-624A1ADC245B}.Debug|Any CPU.Build.0 = Debug|Any CPU
		{562DBB4D-DA86-40DA-B555-624A1ADC245B}.Release|Any CPU.ActiveCfg = Release|Any CPU
		{562DBB4D-DA86-40DA-B555-624A1ADC245B}.Release|Any CPU.Build.0 = Release|Any CPU
		{1EAB2BCC-1E1D-4C42-B8A0-1BDE5271A1C8}.Debug|Any CPU.ActiveCfg = Debug|Any CPU
		{1EAB2BCC-1E1D-4C42-B8A0-1BDE5271A1C8}.Debug|Any CPU.Build.0 = Debug|Any CPU
		{1EAB2BCC-1E1D-4C42-B8A0-1BDE5271A1C8}.Release|Any CPU.ActiveCfg = Release|Any CPU
		{1EAB2BCC-1E1D-4C42-B8A0-1BDE5271A1C8}.Release|Any CPU.Build.0 = Release|Any CPU
		{445A6FD1-6136-433E-8809-4B523996B41A}.Debug|Any CPU.ActiveCfg = Debug|Any CPU
		{445A6FD1-6136-433E-8809-4B523996B41A}.Debug|Any CPU.Build.0 = Debug|Any CPU
		{445A6FD1-6136-433E-8809-4B523996B41A}.Release|Any CPU.ActiveCfg = Release|Any CPU
		{445A6FD1-6136-433E-8809-4B523996B41A}.Release|Any CPU.Build.0 = Release|Any CPU
		{81EFB008-88A6-4AFB-AACD-98952B679CC2}.Debug|Any CPU.ActiveCfg = Debug|Any CPU
		{81EFB008-88A6-4AFB-AACD-98952B679CC2}.Debug|Any CPU.Build.0 = Debug|Any CPU
		{81EFB008-88A6-4AFB-AACD-98952B679CC2}.Release|Any CPU.ActiveCfg = Release|Any CPU
		{81EFB008-88A6-4AFB-AACD-98952B679CC2}.Release|Any CPU.Build.0 = Release|Any CPU
		{1F1332D6-DC37-466A-9011-C970DE3DC754}.Debug|Any CPU.ActiveCfg = Debug|Any CPU
		{1F1332D6-DC37-466A-9011-C970DE3DC754}.Debug|Any CPU.Build.0 = Debug|Any CPU
		{1F1332D6-DC37-466A-9011-C970DE3DC754}.Release|Any CPU.ActiveCfg = Release|Any CPU
		{1F1332D6-DC37-466A-9011-C970DE3DC754}.Release|Any CPU.Build.0 = Release|Any CPU
		{07463B1C-2F20-4330-8CA4-E3B4608C8FA5}.Debug|Any CPU.ActiveCfg = Debug|Any CPU
		{07463B1C-2F20-4330-8CA4-E3B4608C8FA5}.Debug|Any CPU.Build.0 = Debug|Any CPU
		{07463B1C-2F20-4330-8CA4-E3B4608C8FA5}.Release|Any CPU.ActiveCfg = Release|Any CPU
		{07463B1C-2F20-4330-8CA4-E3B4608C8FA5}.Release|Any CPU.Build.0 = Release|Any CPU
		{1EAB96D7-4A67-4A49-B4CF-2B99F2A74253}.Debug|Any CPU.ActiveCfg = Debug|Any CPU
		{1EAB96D7-4A67-4A49-B4CF-2B99F2A74253}.Debug|Any CPU.Build.0 = Debug|Any CPU
		{1EAB96D7-4A67-4A49-B4CF-2B99F2A74253}.Release|Any CPU.ActiveCfg = Release|Any CPU
		{1EAB96D7-4A67-4A49-B4CF-2B99F2A74253}.Release|Any CPU.Build.0 = Release|Any CPU
		{54A13D36-0600-4F7B-99E7-EE31499672A0}.Debug|Any CPU.ActiveCfg = Debug|Any CPU
		{54A13D36-0600-4F7B-99E7-EE31499672A0}.Debug|Any CPU.Build.0 = Debug|Any CPU
		{54A13D36-0600-4F7B-99E7-EE31499672A0}.Release|Any CPU.ActiveCfg = Release|Any CPU
		{54A13D36-0600-4F7B-99E7-EE31499672A0}.Release|Any CPU.Build.0 = Release|Any CPU
		{F4B8C3E7-5D2B-442B-86B8-0BC93853A38B}.Debug|Any CPU.ActiveCfg = Debug|Any CPU
		{F4B8C3E7-5D2B-442B-86B8-0BC93853A38B}.Debug|Any CPU.Build.0 = Debug|Any CPU
		{F4B8C3E7-5D2B-442B-86B8-0BC93853A38B}.Release|Any CPU.ActiveCfg = Release|Any CPU
		{F4B8C3E7-5D2B-442B-86B8-0BC93853A38B}.Release|Any CPU.Build.0 = Release|Any CPU
		{D73FF120-AE57-4A23-A3CC-7EB21E312257}.Debug|Any CPU.ActiveCfg = Debug|Any CPU
		{D73FF120-AE57-4A23-A3CC-7EB21E312257}.Debug|Any CPU.Build.0 = Debug|Any CPU
		{D73FF120-AE57-4A23-A3CC-7EB21E312257}.Release|Any CPU.ActiveCfg = Release|Any CPU
		{D73FF120-AE57-4A23-A3CC-7EB21E312257}.Release|Any CPU.Build.0 = Release|Any CPU
		{5441D2E2-6CB7-4F34-B39C-68430034F0C3}.Debug|Any CPU.ActiveCfg = Debug|Any CPU
		{5441D2E2-6CB7-4F34-B39C-68430034F0C3}.Debug|Any CPU.Build.0 = Debug|Any CPU
		{5441D2E2-6CB7-4F34-B39C-68430034F0C3}.Release|Any CPU.ActiveCfg = Release|Any CPU
		{5441D2E2-6CB7-4F34-B39C-68430034F0C3}.Release|Any CPU.Build.0 = Release|Any CPU
		{E319AA26-5BEB-4C57-8F6B-CAA8DC7A5E10}.Debug|Any CPU.ActiveCfg = Debug|Any CPU
		{E319AA26-5BEB-4C57-8F6B-CAA8DC7A5E10}.Debug|Any CPU.Build.0 = Debug|Any CPU
		{E319AA26-5BEB-4C57-8F6B-CAA8DC7A5E10}.Release|Any CPU.ActiveCfg = Release|Any CPU
		{E319AA26-5BEB-4C57-8F6B-CAA8DC7A5E10}.Release|Any CPU.Build.0 = Release|Any CPU
		{3619AE99-4DB2-4134-97C3-6BC1725ABA44}.Debug|Any CPU.ActiveCfg = Debug|Any CPU
		{3619AE99-4DB2-4134-97C3-6BC1725ABA44}.Debug|Any CPU.Build.0 = Debug|Any CPU
		{3619AE99-4DB2-4134-97C3-6BC1725ABA44}.Release|Any CPU.ActiveCfg = Release|Any CPU
		{3619AE99-4DB2-4134-97C3-6BC1725ABA44}.Release|Any CPU.Build.0 = Release|Any CPU
		{13285506-A9F2-428C-9505-701186A03CAE}.Debug|Any CPU.ActiveCfg = Debug|Any CPU
		{13285506-A9F2-428C-9505-701186A03CAE}.Debug|Any CPU.Build.0 = Debug|Any CPU
		{13285506-A9F2-428C-9505-701186A03CAE}.Release|Any CPU.ActiveCfg = Release|Any CPU
		{13285506-A9F2-428C-9505-701186A03CAE}.Release|Any CPU.Build.0 = Release|Any CPU
		{97C1B4FB-9F22-4F13-A26B-0904CE02F32D}.Debug|Any CPU.ActiveCfg = Debug|Any CPU
		{97C1B4FB-9F22-4F13-A26B-0904CE02F32D}.Debug|Any CPU.Build.0 = Debug|Any CPU
		{97C1B4FB-9F22-4F13-A26B-0904CE02F32D}.Release|Any CPU.ActiveCfg = Release|Any CPU
		{97C1B4FB-9F22-4F13-A26B-0904CE02F32D}.Release|Any CPU.Build.0 = Release|Any CPU
		{00D2EC6B-19E6-40C0-9363-C797F1E26D9D}.Debug|Any CPU.ActiveCfg = Debug|Any CPU
		{00D2EC6B-19E6-40C0-9363-C797F1E26D9D}.Debug|Any CPU.Build.0 = Debug|Any CPU
		{00D2EC6B-19E6-40C0-9363-C797F1E26D9D}.Release|Any CPU.ActiveCfg = Release|Any CPU
		{00D2EC6B-19E6-40C0-9363-C797F1E26D9D}.Release|Any CPU.Build.0 = Release|Any CPU
		{045B3F44-C842-4C8F-8382-E46829C863AE}.Debug|Any CPU.ActiveCfg = Debug|Any CPU
		{045B3F44-C842-4C8F-8382-E46829C863AE}.Debug|Any CPU.Build.0 = Debug|Any CPU
		{045B3F44-C842-4C8F-8382-E46829C863AE}.Release|Any CPU.ActiveCfg = Release|Any CPU
		{045B3F44-C842-4C8F-8382-E46829C863AE}.Release|Any CPU.Build.0 = Release|Any CPU
		{2F30BEA2-CAFC-4D28-9308-60A51F65FDF5}.Debug|Any CPU.ActiveCfg = Debug|Any CPU
		{2F30BEA2-CAFC-4D28-9308-60A51F65FDF5}.Debug|Any CPU.Build.0 = Debug|Any CPU
		{2F30BEA2-CAFC-4D28-9308-60A51F65FDF5}.Release|Any CPU.ActiveCfg = Release|Any CPU
		{2F30BEA2-CAFC-4D28-9308-60A51F65FDF5}.Release|Any CPU.Build.0 = Release|Any CPU
		{EEC5C861-2F10-40A8-8557-38BA29ED23C5}.Debug|Any CPU.ActiveCfg = Debug|Any CPU
		{EEC5C861-2F10-40A8-8557-38BA29ED23C5}.Debug|Any CPU.Build.0 = Debug|Any CPU
		{EEC5C861-2F10-40A8-8557-38BA29ED23C5}.Release|Any CPU.ActiveCfg = Release|Any CPU
		{EEC5C861-2F10-40A8-8557-38BA29ED23C5}.Release|Any CPU.Build.0 = Release|Any CPU
		{8B069701-2685-4C9E-84E7-9AAE19183F71}.Debug|Any CPU.ActiveCfg = Debug|Any CPU
		{8B069701-2685-4C9E-84E7-9AAE19183F71}.Debug|Any CPU.Build.0 = Debug|Any CPU
		{8B069701-2685-4C9E-84E7-9AAE19183F71}.Release|Any CPU.ActiveCfg = Release|Any CPU
		{8B069701-2685-4C9E-84E7-9AAE19183F71}.Release|Any CPU.Build.0 = Release|Any CPU
		{4F1DE962-4644-4AFE-B08D-B6A76F549A5D}.Debug|Any CPU.ActiveCfg = Debug|Any CPU
		{4F1DE962-4644-4AFE-B08D-B6A76F549A5D}.Debug|Any CPU.Build.0 = Debug|Any CPU
		{4F1DE962-4644-4AFE-B08D-B6A76F549A5D}.Release|Any CPU.ActiveCfg = Release|Any CPU
		{4F1DE962-4644-4AFE-B08D-B6A76F549A5D}.Release|Any CPU.Build.0 = Release|Any CPU
		{4AA87D45-F51D-4180-9CAC-89FF4D1F8454}.Debug|Any CPU.ActiveCfg = Debug|Any CPU
		{4AA87D45-F51D-4180-9CAC-89FF4D1F8454}.Debug|Any CPU.Build.0 = Debug|Any CPU
		{4AA87D45-F51D-4180-9CAC-89FF4D1F8454}.Release|Any CPU.ActiveCfg = Release|Any CPU
		{4AA87D45-F51D-4180-9CAC-89FF4D1F8454}.Release|Any CPU.Build.0 = Release|Any CPU
		{87AE5CDB-CF1A-4106-9E03-E9725B499556}.Debug|Any CPU.ActiveCfg = Debug|Any CPU
		{87AE5CDB-CF1A-4106-9E03-E9725B499556}.Debug|Any CPU.Build.0 = Debug|Any CPU
		{87AE5CDB-CF1A-4106-9E03-E9725B499556}.Release|Any CPU.ActiveCfg = Release|Any CPU
		{87AE5CDB-CF1A-4106-9E03-E9725B499556}.Release|Any CPU.Build.0 = Release|Any CPU
		{07237A25-8747-4255-8D45-394FA8811C9A}.Debug|Any CPU.ActiveCfg = Debug|Any CPU
		{07237A25-8747-4255-8D45-394FA8811C9A}.Debug|Any CPU.Build.0 = Debug|Any CPU
		{07237A25-8747-4255-8D45-394FA8811C9A}.Release|Any CPU.ActiveCfg = Release|Any CPU
		{07237A25-8747-4255-8D45-394FA8811C9A}.Release|Any CPU.Build.0 = Release|Any CPU
		{57BFFDDD-D277-4AB5-A70C-0D2FB1F96BA4}.Debug|Any CPU.ActiveCfg = Debug|Any CPU
		{57BFFDDD-D277-4AB5-A70C-0D2FB1F96BA4}.Debug|Any CPU.Build.0 = Debug|Any CPU
		{57BFFDDD-D277-4AB5-A70C-0D2FB1F96BA4}.Release|Any CPU.ActiveCfg = Release|Any CPU
		{57BFFDDD-D277-4AB5-A70C-0D2FB1F96BA4}.Release|Any CPU.Build.0 = Release|Any CPU
		{4EE59C57-14F3-4916-8FFF-91345C58F0BC}.Debug|Any CPU.ActiveCfg = Debug|Any CPU
		{4EE59C57-14F3-4916-8FFF-91345C58F0BC}.Debug|Any CPU.Build.0 = Debug|Any CPU
		{4EE59C57-14F3-4916-8FFF-91345C58F0BC}.Release|Any CPU.ActiveCfg = Release|Any CPU
		{4EE59C57-14F3-4916-8FFF-91345C58F0BC}.Release|Any CPU.Build.0 = Release|Any CPU
		{1A861A24-A4BF-4426-BA6B-5B8C1B125114}.Debug|Any CPU.ActiveCfg = Debug|Any CPU
		{1A861A24-A4BF-4426-BA6B-5B8C1B125114}.Debug|Any CPU.Build.0 = Debug|Any CPU
		{1A861A24-A4BF-4426-BA6B-5B8C1B125114}.Release|Any CPU.ActiveCfg = Release|Any CPU
		{1A861A24-A4BF-4426-BA6B-5B8C1B125114}.Release|Any CPU.Build.0 = Release|Any CPU
		{2847E22C-4EC7-4314-A77F-AECD710B0B81}.Debug|Any CPU.ActiveCfg = Debug|Any CPU
		{2847E22C-4EC7-4314-A77F-AECD710B0B81}.Debug|Any CPU.Build.0 = Debug|Any CPU
		{2847E22C-4EC7-4314-A77F-AECD710B0B81}.Release|Any CPU.ActiveCfg = Release|Any CPU
		{2847E22C-4EC7-4314-A77F-AECD710B0B81}.Release|Any CPU.Build.0 = Release|Any CPU
		{8A792E41-FA14-4D8D-94AF-3FF3272D1F02}.Debug|Any CPU.ActiveCfg = Debug|Any CPU
		{8A792E41-FA14-4D8D-94AF-3FF3272D1F02}.Debug|Any CPU.Build.0 = Debug|Any CPU
		{8A792E41-FA14-4D8D-94AF-3FF3272D1F02}.Release|Any CPU.ActiveCfg = Release|Any CPU
		{8A792E41-FA14-4D8D-94AF-3FF3272D1F02}.Release|Any CPU.Build.0 = Release|Any CPU
		{B3EE2544-8305-4A8A-90FA-14A8555B9FEE}.Debug|Any CPU.ActiveCfg = Debug|Any CPU
		{B3EE2544-8305-4A8A-90FA-14A8555B9FEE}.Debug|Any CPU.Build.0 = Debug|Any CPU
		{B3EE2544-8305-4A8A-90FA-14A8555B9FEE}.Release|Any CPU.ActiveCfg = Release|Any CPU
		{B3EE2544-8305-4A8A-90FA-14A8555B9FEE}.Release|Any CPU.Build.0 = Release|Any CPU
		{78C39DBB-55A6-4B7B-8E52-8D83C9410057}.Debug|Any CPU.ActiveCfg = Debug|Any CPU
		{78C39DBB-55A6-4B7B-8E52-8D83C9410057}.Debug|Any CPU.Build.0 = Debug|Any CPU
		{78C39DBB-55A6-4B7B-8E52-8D83C9410057}.Release|Any CPU.ActiveCfg = Release|Any CPU
		{78C39DBB-55A6-4B7B-8E52-8D83C9410057}.Release|Any CPU.Build.0 = Release|Any CPU
		{08F16BE5-3FA4-4465-BB43-F3D7213F9F74}.Debug|Any CPU.ActiveCfg = Debug|Any CPU
		{08F16BE5-3FA4-4465-BB43-F3D7213F9F74}.Debug|Any CPU.Build.0 = Debug|Any CPU
		{08F16BE5-3FA4-4465-BB43-F3D7213F9F74}.Release|Any CPU.ActiveCfg = Release|Any CPU
		{08F16BE5-3FA4-4465-BB43-F3D7213F9F74}.Release|Any CPU.Build.0 = Release|Any CPU
		{D71E3FE7-FCA6-4CE4-8D93-3F56EE867D05}.Debug|Any CPU.ActiveCfg = Debug|Any CPU
		{D71E3FE7-FCA6-4CE4-8D93-3F56EE867D05}.Debug|Any CPU.Build.0 = Debug|Any CPU
		{D71E3FE7-FCA6-4CE4-8D93-3F56EE867D05}.Release|Any CPU.ActiveCfg = Release|Any CPU
		{D71E3FE7-FCA6-4CE4-8D93-3F56EE867D05}.Release|Any CPU.Build.0 = Release|Any CPU
		{C9E03F00-08B2-48AB-A827-91C3982B90A0}.Debug|Any CPU.ActiveCfg = Debug|Any CPU
		{C9E03F00-08B2-48AB-A827-91C3982B90A0}.Debug|Any CPU.Build.0 = Debug|Any CPU
		{C9E03F00-08B2-48AB-A827-91C3982B90A0}.Release|Any CPU.ActiveCfg = Release|Any CPU
		{C9E03F00-08B2-48AB-A827-91C3982B90A0}.Release|Any CPU.Build.0 = Release|Any CPU
	EndGlobalSection
	GlobalSection(SolutionProperties) = preSolution
		HideSolutionNode = FALSE
	EndGlobalSection
	GlobalSection(ExtensibilityGlobals) = postSolution
		SolutionGuid = {068BCB10-3BC0-4B79-A815-2117589BC5C2}
	EndGlobalSection
EndGlobal
